
Microsoft Visual Studio Solution File, Format Version 12.00
Project("{FAE04EC0-301F-11D3-BF4B-00C04F79EFBC}") = "BlazorWASM", "BlazorWASM\BlazorWASM.csproj", "{3972A9A7-45EA-4F79-A20F-730A8BA52F2B}"
EndProject
Project("{2150E333-8FDC-42A3-9474-1A3956D46DE8}") = "Client", "Client", "{548D1053-FA24-4F8D-AE95-6089F0B50BE0}"
EndProject
Project("{FAE04EC0-301F-11D3-BF4B-00C04F79EFBC}") = "HttpClients", "HttpClients\HttpClients.csproj", "{9A7A9362-BBA2-42C6-BB94-498024778556}"
EndProject
Project("{2150E333-8FDC-42A3-9474-1A3956D46DE8}") = "Server", "Server", "{543FBEEC-8C6D-4739-9154-54C0EDBF9636}"
EndProject
Project("{FAE04EC0-301F-11D3-BF4B-00C04F79EFBC}") = "Application", "Application\Application.csproj", "{61111713-8124-4B3E-BC4D-00EF7815494E}"
EndProject
Project("{FAE04EC0-301F-11D3-BF4B-00C04F79EFBC}") = "EfcData", "EfcData\EfcData.csproj", "{712243AA-AEB7-46E4-9372-2FA6F9C2A213}"
EndProject
Project("{FAE04EC0-301F-11D3-BF4B-00C04F79EFBC}") = "Shared", "Shared\Shared.csproj", "{654AF3EF-2784-4B5A-A24B-CE46D6D68E72}"
EndProject
Project("{FAE04EC0-301F-11D3-BF4B-00C04F79EFBC}") = "WebApi", "WebApi\WebApi.csproj", "{B20EC9BC-B024-48BB-8BFC-44DE05F344D6}"
EndProject
Global
	GlobalSection(SolutionConfigurationPlatforms) = preSolution
		Debug|Any CPU = Debug|Any CPU
		Release|Any CPU = Release|Any CPU
	EndGlobalSection
	GlobalSection(ProjectConfigurationPlatforms) = postSolution
		{3972A9A7-45EA-4F79-A20F-730A8BA52F2B}.Debug|Any CPU.ActiveCfg = Debug|Any CPU
		{3972A9A7-45EA-4F79-A20F-730A8BA52F2B}.Debug|Any CPU.Build.0 = Debug|Any CPU
		{3972A9A7-45EA-4F79-A20F-730A8BA52F2B}.Release|Any CPU.ActiveCfg = Release|Any CPU
		{3972A9A7-45EA-4F79-A20F-730A8BA52F2B}.Release|Any CPU.Build.0 = Release|Any CPU
		{9A7A9362-BBA2-42C6-BB94-498024778556}.Debug|Any CPU.ActiveCfg = Debug|Any CPU
		{9A7A9362-BBA2-42C6-BB94-498024778556}.Debug|Any CPU.Build.0 = Debug|Any CPU
		{9A7A9362-BBA2-42C6-BB94-498024778556}.Release|Any CPU.ActiveCfg = Release|Any CPU
		{9A7A9362-BBA2-42C6-BB94-498024778556}.Release|Any CPU.Build.0 = Release|Any CPU
		{61111713-8124-4B3E-BC4D-00EF7815494E}.Debug|Any CPU.ActiveCfg = Debug|Any CPU
		{61111713-8124-4B3E-BC4D-00EF7815494E}.Debug|Any CPU.Build.0 = Debug|Any CPU
		{61111713-8124-4B3E-BC4D-00EF7815494E}.Release|Any CPU.ActiveCfg = Release|Any CPU
		{61111713-8124-4B3E-BC4D-00EF7815494E}.Release|Any CPU.Build.0 = Release|Any CPU
		{712243AA-AEB7-46E4-9372-2FA6F9C2A213}.Debug|Any CPU.ActiveCfg = Debug|Any CPU
		{712243AA-AEB7-46E4-9372-2FA6F9C2A213}.Debug|Any CPU.Build.0 = Debug|Any CPU
		{712243AA-AEB7-46E4-9372-2FA6F9C2A213}.Release|Any CPU.ActiveCfg = Release|Any CPU
		{712243AA-AEB7-46E4-9372-2FA6F9C2A213}.Release|Any CPU.Build.0 = Release|Any CPU
		{654AF3EF-2784-4B5A-A24B-CE46D6D68E72}.Debug|Any CPU.ActiveCfg = Debug|Any CPU
		{654AF3EF-2784-4B5A-A24B-CE46D6D68E72}.Debug|Any CPU.Build.0 = Debug|Any CPU
		{654AF3EF-2784-4B5A-A24B-CE46D6D68E72}.Release|Any CPU.ActiveCfg = Release|Any CPU
		{654AF3EF-2784-4B5A-A24B-CE46D6D68E72}.Release|Any CPU.Build.0 = Release|Any CPU
		{B20EC9BC-B024-48BB-8BFC-44DE05F344D6}.Debug|Any CPU.ActiveCfg = Debug|Any CPU
		{B20EC9BC-B024-48BB-8BFC-44DE05F344D6}.Debug|Any CPU.Build.0 = Debug|Any CPU
		{B20EC9BC-B024-48BB-8BFC-44DE05F344D6}.Release|Any CPU.ActiveCfg = Release|Any CPU
		{B20EC9BC-B024-48BB-8BFC-44DE05F344D6}.Release|Any CPU.Build.0 = Release|Any CPU
	EndGlobalSection
	GlobalSection(NestedProjects) = preSolution
		{3972A9A7-45EA-4F79-A20F-730A8BA52F2B} = {548D1053-FA24-4F8D-AE95-6089F0B50BE0}
		{9A7A9362-BBA2-42C6-BB94-498024778556} = {548D1053-FA24-4F8D-AE95-6089F0B50BE0}
		{61111713-8124-4B3E-BC4D-00EF7815494E} = {543FBEEC-8C6D-4739-9154-54C0EDBF9636}
		{712243AA-AEB7-46E4-9372-2FA6F9C2A213} = {543FBEEC-8C6D-4739-9154-54C0EDBF9636}
		{654AF3EF-2784-4B5A-A24B-CE46D6D68E72} = {543FBEEC-8C6D-4739-9154-54C0EDBF9636}
		{B20EC9BC-B024-48BB-8BFC-44DE05F344D6} = {543FBEEC-8C6D-4739-9154-54C0EDBF9636}
	EndGlobalSection
EndGlobal
